
Microsoft Visual Studio Solution File, Format Version 12.00
# Visual Studio 2013
VisualStudioVersion = 12.0.31101.0
MinimumVisualStudioVersion = 10.0.40219.1
Project("{8BC9CEB8-8B4A-11D0-8D11-00A0C91BC942}") = "libimobiledevice", "libimobiledevice\libimobiledevice.vcxproj", "{1659B2EE-97EB-412A-8042-76640B695084}"
	ProjectSection(ProjectDependencies) = postProject
		{59F2B61D-85BA-4094-838F-3ECE45CE0651} = {59F2B61D-85BA-4094-838F-3ECE45CE0651}
		{75352A45-BCB8-4774-8C66-3AF9EA6B6B42} = {75352A45-BCB8-4774-8C66-3AF9EA6B6B42}
		{66B6E181-21E7-4451-BD07-104D7A4E687B} = {66B6E181-21E7-4451-BD07-104D7A4E687B}
	EndProjectSection
EndProject
Project("{8BC9CEB8-8B4A-11D0-8D11-00A0C91BC942}") = "libPList", "libplist\libPList.vcxproj", "{75352A45-BCB8-4774-8C66-3AF9EA6B6B42}"
EndProject
Project("{8BC9CEB8-8B4A-11D0-8D11-00A0C91BC942}") = "libcnary", "libplist\libcnary.vcxproj", "{59F2B61D-85BA-4094-838F-3ECE45CE0651}"
EndProject
Project("{8BC9CEB8-8B4A-11D0-8D11-00A0C91BC942}") = "libcompat", "libcompat\libcompat.vcxproj", "{AA5715E5-75AA-4CCC-A3D7-819FC833603C}"
EndProject
Project("{8BC9CEB8-8B4A-11D0-8D11-00A0C91BC942}") = "getopt", "getopt\getopt.vcxproj", "{1C06E1E0-3FF7-4DAF-A9BA-7C8E2FA11B03}"
EndProject
Project("{8BC9CEB8-8B4A-11D0-8D11-00A0C91BC942}") = "ios-webkit-debug-proxy", "ios-webkit-debug-proxy\ios-webkit-debug-proxy.vcxproj", "{380597FB-58F8-4DAE-BAB0-05289008C041}"
	ProjectSection(ProjectDependencies) = postProject
		{59F2B61D-85BA-4094-838F-3ECE45CE0651} = {59F2B61D-85BA-4094-838F-3ECE45CE0651}
		{6868442D-4090-4022-8BD0-49446B1C249F} = {6868442D-4090-4022-8BD0-49446B1C249F}
		{75352A45-BCB8-4774-8C66-3AF9EA6B6B42} = {75352A45-BCB8-4774-8C66-3AF9EA6B6B42}
		{66B6E181-21E7-4451-BD07-104D7A4E687B} = {66B6E181-21E7-4451-BD07-104D7A4E687B}
		{1C06E1E0-3FF7-4DAF-A9BA-7C8E2FA11B03} = {1C06E1E0-3FF7-4DAF-A9BA-7C8E2FA11B03}
		{AA5715E5-75AA-4CCC-A3D7-819FC833603C} = {AA5715E5-75AA-4CCC-A3D7-819FC833603C}
		{1659B2EE-97EB-412A-8042-76640B695084} = {1659B2EE-97EB-412A-8042-76640B695084}
	EndProjectSection
EndProject
Project("{8BC9CEB8-8B4A-11D0-8D11-00A0C91BC942}") = "libusbmuxd", "usbmuxd\libusbmuxd.vcxproj", "{66B6E181-21E7-4451-BD07-104D7A4E687B}"
EndProject
Project("{8BC9CEB8-8B4A-11D0-8D11-00A0C91BC942}") = "socket", "socket\socket.vcxproj", "{6868442D-4090-4022-8BD0-49446B1C249F}"
EndProject
Project("{6141683F-8A12-4E36-9623-2EB02B2C2303}") = "Setup", "Setup\Setup.isproj", "{EBA05937-7CAD-422D-9603-E3CB62412FA7}"
EndProject
Global
	GlobalSection(SolutionConfigurationPlatforms) = preSolution
		CD_ROM|Any CPU = CD_ROM|Any CPU
		CD_ROM|Mixed Platforms = CD_ROM|Mixed Platforms
		CD_ROM|Win32 = CD_ROM|Win32
		Debug|Any CPU = Debug|Any CPU
		Debug|Mixed Platforms = Debug|Mixed Platforms
		Debug|Win32 = Debug|Win32
		DVD-5|Any CPU = DVD-5|Any CPU
		DVD-5|Mixed Platforms = DVD-5|Mixed Platforms
		DVD-5|Win32 = DVD-5|Win32
		Release|Any CPU = Release|Any CPU
		Release|Mixed Platforms = Release|Mixed Platforms
		Release|Win32 = Release|Win32
		SingleImage|Any CPU = SingleImage|Any CPU
		SingleImage|Mixed Platforms = SingleImage|Mixed Platforms
		SingleImage|Win32 = SingleImage|Win32
	EndGlobalSection
	GlobalSection(ProjectConfigurationPlatforms) = postSolution
		{1659B2EE-97EB-412A-8042-76640B695084}.CD_ROM|Any CPU.ActiveCfg = Debug|Win32
		{1659B2EE-97EB-412A-8042-76640B695084}.CD_ROM|Mixed Platforms.ActiveCfg = Debug|Win32
		{1659B2EE-97EB-412A-8042-76640B695084}.CD_ROM|Mixed Platforms.Build.0 = Debug|Win32
		{1659B2EE-97EB-412A-8042-76640B695084}.CD_ROM|Win32.ActiveCfg = Release|Win32
		{1659B2EE-97EB-412A-8042-76640B695084}.CD_ROM|Win32.Build.0 = Release|Win32
		{1659B2EE-97EB-412A-8042-76640B695084}.Debug|Any CPU.ActiveCfg = Debug|Win32
		{1659B2EE-97EB-412A-8042-76640B695084}.Debug|Mixed Platforms.ActiveCfg = Debug|Win32
		{1659B2EE-97EB-412A-8042-76640B695084}.Debug|Mixed Platforms.Build.0 = Debug|Win32
		{1659B2EE-97EB-412A-8042-76640B695084}.Debug|Win32.ActiveCfg = Debug|Win32
		{1659B2EE-97EB-412A-8042-76640B695084}.Debug|Win32.Build.0 = Debug|Win32
		{1659B2EE-97EB-412A-8042-76640B695084}.DVD-5|Any CPU.ActiveCfg = Debug|Win32
		{1659B2EE-97EB-412A-8042-76640B695084}.DVD-5|Mixed Platforms.ActiveCfg = Debug|Win32
		{1659B2EE-97EB-412A-8042-76640B695084}.DVD-5|Mixed Platforms.Build.0 = Debug|Win32
		{1659B2EE-97EB-412A-8042-76640B695084}.DVD-5|Win32.ActiveCfg = Debug|Win32
		{1659B2EE-97EB-412A-8042-76640B695084}.DVD-5|Win32.Build.0 = Debug|Win32
		{1659B2EE-97EB-412A-8042-76640B695084}.Release|Any CPU.ActiveCfg = Release|Win32
		{1659B2EE-97EB-412A-8042-76640B695084}.Release|Mixed Platforms.ActiveCfg = Release|Win32
		{1659B2EE-97EB-412A-8042-76640B695084}.Release|Mixed Platforms.Build.0 = Release|Win32
		{1659B2EE-97EB-412A-8042-76640B695084}.Release|Win32.ActiveCfg = Release|Win32
		{1659B2EE-97EB-412A-8042-76640B695084}.Release|Win32.Build.0 = Release|Win32
		{1659B2EE-97EB-412A-8042-76640B695084}.SingleImage|Any CPU.ActiveCfg = Debug|Win32
		{1659B2EE-97EB-412A-8042-76640B695084}.SingleImage|Mixed Platforms.ActiveCfg = Debug|Win32
		{1659B2EE-97EB-412A-8042-76640B695084}.SingleImage|Mixed Platforms.Build.0 = Debug|Win32
		{1659B2EE-97EB-412A-8042-76640B695084}.SingleImage|Win32.ActiveCfg = Release|Win32
		{1659B2EE-97EB-412A-8042-76640B695084}.SingleImage|Win32.Build.0 = Release|Win32
		{75352A45-BCB8-4774-8C66-3AF9EA6B6B42}.CD_ROM|Any CPU.ActiveCfg = Debug|Win32
		{75352A45-BCB8-4774-8C66-3AF9EA6B6B42}.CD_ROM|Mixed Platforms.ActiveCfg = Debug|Win32
		{75352A45-BCB8-4774-8C66-3AF9EA6B6B42}.CD_ROM|Mixed Platforms.Build.0 = Debug|Win32
		{75352A45-BCB8-4774-8C66-3AF9EA6B6B42}.CD_ROM|Win32.ActiveCfg = Release|Win32
		{75352A45-BCB8-4774-8C66-3AF9EA6B6B42}.CD_ROM|Win32.Build.0 = Release|Win32
		{75352A45-BCB8-4774-8C66-3AF9EA6B6B42}.Debug|Any CPU.ActiveCfg = Debug|Win32
		{75352A45-BCB8-4774-8C66-3AF9EA6B6B42}.Debug|Mixed Platforms.ActiveCfg = Debug|Win32
		{75352A45-BCB8-4774-8C66-3AF9EA6B6B42}.Debug|Mixed Platforms.Build.0 = Debug|Win32
		{75352A45-BCB8-4774-8C66-3AF9EA6B6B42}.Debug|Win32.ActiveCfg = Debug|Win32
		{75352A45-BCB8-4774-8C66-3AF9EA6B6B42}.Debug|Win32.Build.0 = Debug|Win32
		{75352A45-BCB8-4774-8C66-3AF9EA6B6B42}.DVD-5|Any CPU.ActiveCfg = Debug|Win32
		{75352A45-BCB8-4774-8C66-3AF9EA6B6B42}.DVD-5|Mixed Platforms.ActiveCfg = Debug|Win32
		{75352A45-BCB8-4774-8C66-3AF9EA6B6B42}.DVD-5|Mixed Platforms.Build.0 = Debug|Win32
		{75352A45-BCB8-4774-8C66-3AF9EA6B6B42}.DVD-5|Win32.ActiveCfg = Debug|Win32
		{75352A45-BCB8-4774-8C66-3AF9EA6B6B42}.DVD-5|Win32.Build.0 = Debug|Win32
		{75352A45-BCB8-4774-8C66-3AF9EA6B6B42}.Release|Any CPU.ActiveCfg = Release|Win32
		{75352A45-BCB8-4774-8C66-3AF9EA6B6B42}.Release|Mixed Platforms.ActiveCfg = Release|Win32
		{75352A45-BCB8-4774-8C66-3AF9EA6B6B42}.Release|Mixed Platforms.Build.0 = Release|Win32
		{75352A45-BCB8-4774-8C66-3AF9EA6B6B42}.Release|Win32.ActiveCfg = Release|Win32
		{75352A45-BCB8-4774-8C66-3AF9EA6B6B42}.Release|Win32.Build.0 = Release|Win32
		{75352A45-BCB8-4774-8C66-3AF9EA6B6B42}.SingleImage|Any CPU.ActiveCfg = Debug|Win32
		{75352A45-BCB8-4774-8C66-3AF9EA6B6B42}.SingleImage|Mixed Platforms.ActiveCfg = Debug|Win32
		{75352A45-BCB8-4774-8C66-3AF9EA6B6B42}.SingleImage|Mixed Platforms.Build.0 = Debug|Win32
		{75352A45-BCB8-4774-8C66-3AF9EA6B6B42}.SingleImage|Win32.ActiveCfg = Release|Win32
		{75352A45-BCB8-4774-8C66-3AF9EA6B6B42}.SingleImage|Win32.Build.0 = Release|Win32
		{59F2B61D-85BA-4094-838F-3ECE45CE0651}.CD_ROM|Any CPU.ActiveCfg = Debug|Win32
		{59F2B61D-85BA-4094-838F-3ECE45CE0651}.CD_ROM|Mixed Platforms.ActiveCfg = Debug|Win32
		{59F2B61D-85BA-4094-838F-3ECE45CE0651}.CD_ROM|Mixed Platforms.Build.0 = Debug|Win32
		{59F2B61D-85BA-4094-838F-3ECE45CE0651}.CD_ROM|Win32.ActiveCfg = Release|Win32
		{59F2B61D-85BA-4094-838F-3ECE45CE0651}.CD_ROM|Win32.Build.0 = Release|Win32
		{59F2B61D-85BA-4094-838F-3ECE45CE0651}.Debug|Any CPU.ActiveCfg = Debug|Win32
		{59F2B61D-85BA-4094-838F-3ECE45CE0651}.Debug|Mixed Platforms.ActiveCfg = Debug|Win32
		{59F2B61D-85BA-4094-838F-3ECE45CE0651}.Debug|Mixed Platforms.Build.0 = Debug|Win32
		{59F2B61D-85BA-4094-838F-3ECE45CE0651}.Debug|Win32.ActiveCfg = Debug|Win32
		{59F2B61D-85BA-4094-838F-3ECE45CE0651}.Debug|Win32.Build.0 = Debug|Win32
		{59F2B61D-85BA-4094-838F-3ECE45CE0651}.DVD-5|Any CPU.ActiveCfg = Debug|Win32
		{59F2B61D-85BA-4094-838F-3ECE45CE0651}.DVD-5|Mixed Platforms.ActiveCfg = Debug|Win32
		{59F2B61D-85BA-4094-838F-3ECE45CE0651}.DVD-5|Mixed Platforms.Build.0 = Debug|Win32
		{59F2B61D-85BA-4094-838F-3ECE45CE0651}.DVD-5|Win32.ActiveCfg = Debug|Win32
		{59F2B61D-85BA-4094-838F-3ECE45CE0651}.DVD-5|Win32.Build.0 = Debug|Win32
		{59F2B61D-85BA-4094-838F-3ECE45CE0651}.Release|Any CPU.ActiveCfg = Release|Win32
		{59F2B61D-85BA-4094-838F-3ECE45CE0651}.Release|Mixed Platforms.ActiveCfg = Release|Win32
		{59F2B61D-85BA-4094-838F-3ECE45CE0651}.Release|Mixed Platforms.Build.0 = Release|Win32
		{59F2B61D-85BA-4094-838F-3ECE45CE0651}.Release|Win32.ActiveCfg = Release|Win32
		{59F2B61D-85BA-4094-838F-3ECE45CE0651}.Release|Win32.Build.0 = Release|Win32
		{59F2B61D-85BA-4094-838F-3ECE45CE0651}.SingleImage|Any CPU.ActiveCfg = Debug|Win32
		{59F2B61D-85BA-4094-838F-3ECE45CE0651}.SingleImage|Mixed Platforms.ActiveCfg = Debug|Win32
		{59F2B61D-85BA-4094-838F-3ECE45CE0651}.SingleImage|Mixed Platforms.Build.0 = Debug|Win32
		{59F2B61D-85BA-4094-838F-3ECE45CE0651}.SingleImage|Win32.ActiveCfg = Release|Win32
		{59F2B61D-85BA-4094-838F-3ECE45CE0651}.SingleImage|Win32.Build.0 = Release|Win32
		{AA5715E5-75AA-4CCC-A3D7-819FC833603C}.CD_ROM|Any CPU.ActiveCfg = Debug|Win32
		{AA5715E5-75AA-4CCC-A3D7-819FC833603C}.CD_ROM|Mixed Platforms.ActiveCfg = Debug|Win32
		{AA5715E5-75AA-4CCC-A3D7-819FC833603C}.CD_ROM|Mixed Platforms.Build.0 = Debug|Win32
		{AA5715E5-75AA-4CCC-A3D7-819FC833603C}.CD_ROM|Win32.ActiveCfg = Release|Win32
		{AA5715E5-75AA-4CCC-A3D7-819FC833603C}.CD_ROM|Win32.Build.0 = Release|Win32
		{AA5715E5-75AA-4CCC-A3D7-819FC833603C}.Debug|Any CPU.ActiveCfg = Debug|Win32
		{AA5715E5-75AA-4CCC-A3D7-819FC833603C}.Debug|Mixed Platforms.ActiveCfg = Debug|Win32
		{AA5715E5-75AA-4CCC-A3D7-819FC833603C}.Debug|Mixed Platforms.Build.0 = Debug|Win32
		{AA5715E5-75AA-4CCC-A3D7-819FC833603C}.Debug|Win32.ActiveCfg = Debug|Win32
		{AA5715E5-75AA-4CCC-A3D7-819FC833603C}.Debug|Win32.Build.0 = Debug|Win32
		{AA5715E5-75AA-4CCC-A3D7-819FC833603C}.DVD-5|Any CPU.ActiveCfg = Debug|Win32
		{AA5715E5-75AA-4CCC-A3D7-819FC833603C}.DVD-5|Mixed Platforms.ActiveCfg = Debug|Win32
		{AA5715E5-75AA-4CCC-A3D7-819FC833603C}.DVD-5|Mixed Platforms.Build.0 = Debug|Win32
		{AA5715E5-75AA-4CCC-A3D7-819FC833603C}.DVD-5|Win32.ActiveCfg = Debug|Win32
		{AA5715E5-75AA-4CCC-A3D7-819FC833603C}.DVD-5|Win32.Build.0 = Debug|Win32
		{AA5715E5-75AA-4CCC-A3D7-819FC833603C}.Release|Any CPU.ActiveCfg = Release|Win32
		{AA5715E5-75AA-4CCC-A3D7-819FC833603C}.Release|Mixed Platforms.ActiveCfg = Release|Win32
		{AA5715E5-75AA-4CCC-A3D7-819FC833603C}.Release|Mixed Platforms.Build.0 = Release|Win32
		{AA5715E5-75AA-4CCC-A3D7-819FC833603C}.Release|Win32.ActiveCfg = Release|Win32
		{AA5715E5-75AA-4CCC-A3D7-819FC833603C}.Release|Win32.Build.0 = Release|Win32
		{AA5715E5-75AA-4CCC-A3D7-819FC833603C}.SingleImage|Any CPU.ActiveCfg = Debug|Win32
		{AA5715E5-75AA-4CCC-A3D7-819FC833603C}.SingleImage|Mixed Platforms.ActiveCfg = Debug|Win32
		{AA5715E5-75AA-4CCC-A3D7-819FC833603C}.SingleImage|Mixed Platforms.Build.0 = Debug|Win32
		{AA5715E5-75AA-4CCC-A3D7-819FC833603C}.SingleImage|Win32.ActiveCfg = Release|Win32
		{AA5715E5-75AA-4CCC-A3D7-819FC833603C}.SingleImage|Win32.Build.0 = Release|Win32
		{1C06E1E0-3FF7-4DAF-A9BA-7C8E2FA11B03}.CD_ROM|Any CPU.ActiveCfg = Debug|Win32
		{1C06E1E0-3FF7-4DAF-A9BA-7C8E2FA11B03}.CD_ROM|Mixed Platforms.ActiveCfg = Debug|Win32
		{1C06E1E0-3FF7-4DAF-A9BA-7C8E2FA11B03}.CD_ROM|Mixed Platforms.Build.0 = Debug|Win32
		{1C06E1E0-3FF7-4DAF-A9BA-7C8E2FA11B03}.CD_ROM|Win32.ActiveCfg = Release|Win32
		{1C06E1E0-3FF7-4DAF-A9BA-7C8E2FA11B03}.CD_ROM|Win32.Build.0 = Release|Win32
		{1C06E1E0-3FF7-4DAF-A9BA-7C8E2FA11B03}.Debug|Any CPU.ActiveCfg = Debug|Win32
		{1C06E1E0-3FF7-4DAF-A9BA-7C8E2FA11B03}.Debug|Mixed Platforms.ActiveCfg = Debug|Win32
		{1C06E1E0-3FF7-4DAF-A9BA-7C8E2FA11B03}.Debug|Mixed Platforms.Build.0 = Debug|Win32
		{1C06E1E0-3FF7-4DAF-A9BA-7C8E2FA11B03}.Debug|Win32.ActiveCfg = Debug|Win32
		{1C06E1E0-3FF7-4DAF-A9BA-7C8E2FA11B03}.Debug|Win32.Build.0 = Debug|Win32
		{1C06E1E0-3FF7-4DAF-A9BA-7C8E2FA11B03}.DVD-5|Any CPU.ActiveCfg = Debug|Win32
		{1C06E1E0-3FF7-4DAF-A9BA-7C8E2FA11B03}.DVD-5|Mixed Platforms.ActiveCfg = Debug|Win32
		{1C06E1E0-3FF7-4DAF-A9BA-7C8E2FA11B03}.DVD-5|Mixed Platforms.Build.0 = Debug|Win32
		{1C06E1E0-3FF7-4DAF-A9BA-7C8E2FA11B03}.DVD-5|Win32.ActiveCfg = Debug|Win32
		{1C06E1E0-3FF7-4DAF-A9BA-7C8E2FA11B03}.DVD-5|Win32.Build.0 = Debug|Win32
		{1C06E1E0-3FF7-4DAF-A9BA-7C8E2FA11B03}.Release|Any CPU.ActiveCfg = Release|Win32
		{1C06E1E0-3FF7-4DAF-A9BA-7C8E2FA11B03}.Release|Mixed Platforms.ActiveCfg = Release|Win32
		{1C06E1E0-3FF7-4DAF-A9BA-7C8E2FA11B03}.Release|Mixed Platforms.Build.0 = Release|Win32
		{1C06E1E0-3FF7-4DAF-A9BA-7C8E2FA11B03}.Release|Win32.ActiveCfg = Release|Win32
		{1C06E1E0-3FF7-4DAF-A9BA-7C8E2FA11B03}.Release|Win32.Build.0 = Release|Win32
		{1C06E1E0-3FF7-4DAF-A9BA-7C8E2FA11B03}.SingleImage|Any CPU.ActiveCfg = Debug|Win32
		{1C06E1E0-3FF7-4DAF-A9BA-7C8E2FA11B03}.SingleImage|Mixed Platforms.ActiveCfg = Debug|Win32
		{1C06E1E0-3FF7-4DAF-A9BA-7C8E2FA11B03}.SingleImage|Mixed Platforms.Build.0 = Debug|Win32
		{1C06E1E0-3FF7-4DAF-A9BA-7C8E2FA11B03}.SingleImage|Win32.ActiveCfg = Release|Win32
		{1C06E1E0-3FF7-4DAF-A9BA-7C8E2FA11B03}.SingleImage|Win32.Build.0 = Release|Win32
		{380597FB-58F8-4DAE-BAB0-05289008C041}.CD_ROM|Any CPU.ActiveCfg = Debug|Win32
		{380597FB-58F8-4DAE-BAB0-05289008C041}.CD_ROM|Mixed Platforms.ActiveCfg = Debug|Win32
		{380597FB-58F8-4DAE-BAB0-05289008C041}.CD_ROM|Mixed Platforms.Build.0 = Debug|Win32
		{380597FB-58F8-4DAE-BAB0-05289008C041}.CD_ROM|Win32.ActiveCfg = Release|Win32
		{380597FB-58F8-4DAE-BAB0-05289008C041}.CD_ROM|Win32.Build.0 = Release|Win32
		{380597FB-58F8-4DAE-BAB0-05289008C041}.Debug|Any CPU.ActiveCfg = Debug|Win32
		{380597FB-58F8-4DAE-BAB0-05289008C041}.Debug|Mixed Platforms.ActiveCfg = Debug|Win32
		{380597FB-58F8-4DAE-BAB0-05289008C041}.Debug|Mixed Platforms.Build.0 = Debug|Win32
		{380597FB-58F8-4DAE-BAB0-05289008C041}.Debug|Win32.ActiveCfg = Debug|Win32
		{380597FB-58F8-4DAE-BAB0-05289008C041}.Debug|Win32.Build.0 = Debug|Win32
		{380597FB-58F8-4DAE-BAB0-05289008C041}.DVD-5|Any CPU.ActiveCfg = Debug|Win32
		{380597FB-58F8-4DAE-BAB0-05289008C041}.DVD-5|Mixed Platforms.ActiveCfg = Debug|Win32
		{380597FB-58F8-4DAE-BAB0-05289008C041}.DVD-5|Mixed Platforms.Build.0 = Debug|Win32
		{380597FB-58F8-4DAE-BAB0-05289008C041}.DVD-5|Win32.ActiveCfg = Debug|Win32
		{380597FB-58F8-4DAE-BAB0-05289008C041}.DVD-5|Win32.Build.0 = Debug|Win32
		{380597FB-58F8-4DAE-BAB0-05289008C041}.Release|Any CPU.ActiveCfg = Release|Win32
		{380597FB-58F8-4DAE-BAB0-05289008C041}.Release|Mixed Platforms.ActiveCfg = Release|Win32
		{380597FB-58F8-4DAE-BAB0-05289008C041}.Release|Mixed Platforms.Build.0 = Release|Win32
		{380597FB-58F8-4DAE-BAB0-05289008C041}.Release|Win32.ActiveCfg = Release|Win32
		{380597FB-58F8-4DAE-BAB0-05289008C041}.Release|Win32.Build.0 = Release|Win32
		{380597FB-58F8-4DAE-BAB0-05289008C041}.SingleImage|Any CPU.ActiveCfg = Debug|Win32
		{380597FB-58F8-4DAE-BAB0-05289008C041}.SingleImage|Mixed Platforms.ActiveCfg = Debug|Win32
		{380597FB-58F8-4DAE-BAB0-05289008C041}.SingleImage|Mixed Platforms.Build.0 = Debug|Win32
		{380597FB-58F8-4DAE-BAB0-05289008C041}.SingleImage|Win32.ActiveCfg = Release|Win32
		{380597FB-58F8-4DAE-BAB0-05289008C041}.SingleImage|Win32.Build.0 = Release|Win32
		{66B6E181-21E7-4451-BD07-104D7A4E687B}.CD_ROM|Any CPU.ActiveCfg = Debug|Win32
		{66B6E181-21E7-4451-BD07-104D7A4E687B}.CD_ROM|Mixed Platforms.ActiveCfg = Debug|Win32
		{66B6E181-21E7-4451-BD07-104D7A4E687B}.CD_ROM|Mixed Platforms.Build.0 = Debug|Win32
		{66B6E181-21E7-4451-BD07-104D7A4E687B}.CD_ROM|Win32.ActiveCfg = Release|Win32
		{66B6E181-21E7-4451-BD07-104D7A4E687B}.CD_ROM|Win32.Build.0 = Release|Win32
		{66B6E181-21E7-4451-BD07-104D7A4E687B}.Debug|Any CPU.ActiveCfg = Debug|Win32
		{66B6E181-21E7-4451-BD07-104D7A4E687B}.Debug|Mixed Platforms.ActiveCfg = Debug|Win32
		{66B6E181-21E7-4451-BD07-104D7A4E687B}.Debug|Mixed Platforms.Build.0 = Debug|Win32
		{66B6E181-21E7-4451-BD07-104D7A4E687B}.Debug|Win32.ActiveCfg = Debug|Win32
		{66B6E181-21E7-4451-BD07-104D7A4E687B}.Debug|Win32.Build.0 = Debug|Win32
		{66B6E181-21E7-4451-BD07-104D7A4E687B}.DVD-5|Any CPU.ActiveCfg = Debug|Win32
		{66B6E181-21E7-4451-BD07-104D7A4E687B}.DVD-5|Mixed Platforms.ActiveCfg = Debug|Win32
		{66B6E181-21E7-4451-BD07-104D7A4E687B}.DVD-5|Mixed Platforms.Build.0 = Debug|Win32
		{66B6E181-21E7-4451-BD07-104D7A4E687B}.DVD-5|Win32.ActiveCfg = Debug|Win32
		{66B6E181-21E7-4451-BD07-104D7A4E687B}.DVD-5|Win32.Build.0 = Debug|Win32
		{66B6E181-21E7-4451-BD07-104D7A4E687B}.Release|Any CPU.ActiveCfg = Release|Win32
		{66B6E181-21E7-4451-BD07-104D7A4E687B}.Release|Mixed Platforms.ActiveCfg = Release|Win32
		{66B6E181-21E7-4451-BD07-104D7A4E687B}.Release|Mixed Platforms.Build.0 = Release|Win32
		{66B6E181-21E7-4451-BD07-104D7A4E687B}.Release|Win32.ActiveCfg = Release|Win32
		{66B6E181-21E7-4451-BD07-104D7A4E687B}.Release|Win32.Build.0 = Release|Win32
		{66B6E181-21E7-4451-BD07-104D7A4E687B}.SingleImage|Any CPU.ActiveCfg = Debug|Win32
		{66B6E181-21E7-4451-BD07-104D7A4E687B}.SingleImage|Mixed Platforms.ActiveCfg = Debug|Win32
		{66B6E181-21E7-4451-BD07-104D7A4E687B}.SingleImage|Mixed Platforms.Build.0 = Debug|Win32
		{66B6E181-21E7-4451-BD07-104D7A4E687B}.SingleImage|Win32.ActiveCfg = Release|Win32
		{66B6E181-21E7-4451-BD07-104D7A4E687B}.SingleImage|Win32.Build.0 = Release|Win32
		{6868442D-4090-4022-8BD0-49446B1C249F}.CD_ROM|Any CPU.ActiveCfg = Debug|Win32
		{6868442D-4090-4022-8BD0-49446B1C249F}.CD_ROM|Mixed Platforms.ActiveCfg = Debug|Win32
		{6868442D-4090-4022-8BD0-49446B1C249F}.CD_ROM|Mixed Platforms.Build.0 = Debug|Win32
		{6868442D-4090-4022-8BD0-49446B1C249F}.CD_ROM|Win32.ActiveCfg = Release|Win32
		{6868442D-4090-4022-8BD0-49446B1C249F}.CD_ROM|Win32.Build.0 = Release|Win32
		{6868442D-4090-4022-8BD0-49446B1C249F}.Debug|Any CPU.ActiveCfg = Debug|Win32
		{6868442D-4090-4022-8BD0-49446B1C249F}.Debug|Mixed Platforms.ActiveCfg = Debug|Win32
		{6868442D-4090-4022-8BD0-49446B1C249F}.Debug|Mixed Platforms.Build.0 = Debug|Win32
		{6868442D-4090-4022-8BD0-49446B1C249F}.Debug|Win32.ActiveCfg = Debug|Win32
		{6868442D-4090-4022-8BD0-49446B1C249F}.Debug|Win32.Build.0 = Debug|Win32
		{6868442D-4090-4022-8BD0-49446B1C249F}.DVD-5|Any CPU.ActiveCfg = Debug|Win32
		{6868442D-4090-4022-8BD0-49446B1C249F}.DVD-5|Mixed Platforms.ActiveCfg = Debug|Win32
		{6868442D-4090-4022-8BD0-49446B1C249F}.DVD-5|Mixed Platforms.Build.0 = Debug|Win32
		{6868442D-4090-4022-8BD0-49446B1C249F}.DVD-5|Win32.ActiveCfg = Debug|Win32
		{6868442D-4090-4022-8BD0-49446B1C249F}.DVD-5|Win32.Build.0 = Debug|Win32
		{6868442D-4090-4022-8BD0-49446B1C249F}.Release|Any CPU.ActiveCfg = Release|Win32
		{6868442D-4090-4022-8BD0-49446B1C249F}.Release|Mixed Platforms.ActiveCfg = Release|Win32
		{6868442D-4090-4022-8BD0-49446B1C249F}.Release|Mixed Platforms.Build.0 = Release|Win32
		{6868442D-4090-4022-8BD0-49446B1C249F}.Release|Win32.ActiveCfg = Release|Win32
		{6868442D-4090-4022-8BD0-49446B1C249F}.Release|Win32.Build.0 = Release|Win32
		{6868442D-4090-4022-8BD0-49446B1C249F}.SingleImage|Any CPU.ActiveCfg = Debug|Win32
		{6868442D-4090-4022-8BD0-49446B1C249F}.SingleImage|Mixed Platforms.ActiveCfg = Debug|Win32
		{6868442D-4090-4022-8BD0-49446B1C249F}.SingleImage|Mixed Platforms.Build.0 = Debug|Win32
		{6868442D-4090-4022-8BD0-49446B1C249F}.SingleImage|Win32.ActiveCfg = Release|Win32
		{6868442D-4090-4022-8BD0-49446B1C249F}.SingleImage|Win32.Build.0 = Release|Win32
		{EBA05937-7CAD-422D-9603-E3CB62412FA7}.CD_ROM|Any CPU.ActiveCfg = CD_ROM
		{EBA05937-7CAD-422D-9603-E3CB62412FA7}.CD_ROM|Any CPU.Build.0 = CD_ROM
		{EBA05937-7CAD-422D-9603-E3CB62412FA7}.CD_ROM|Mixed Platforms.ActiveCfg = CD_ROM
		{EBA05937-7CAD-422D-9603-E3CB62412FA7}.CD_ROM|Mixed Platforms.Build.0 = CD_ROM
		{EBA05937-7CAD-422D-9603-E3CB62412FA7}.CD_ROM|Win32.ActiveCfg = CD_ROM
		{EBA05937-7CAD-422D-9603-E3CB62412FA7}.CD_ROM|Win32.Build.0 = CD_ROM
		{EBA05937-7CAD-422D-9603-E3CB62412FA7}.Debug|Any CPU.ActiveCfg = DVD-5
		{EBA05937-7CAD-422D-9603-E3CB62412FA7}.Debug|Any CPU.Build.0 = DVD-5
		{EBA05937-7CAD-422D-9603-E3CB62412FA7}.Debug|Mixed Platforms.ActiveCfg = DVD-5
		{EBA05937-7CAD-422D-9603-E3CB62412FA7}.Debug|Mixed Platforms.Build.0 = DVD-5
		{EBA05937-7CAD-422D-9603-E3CB62412FA7}.Debug|Win32.ActiveCfg = DVD-5
		{EBA05937-7CAD-422D-9603-E3CB62412FA7}.Debug|Win32.Build.0 = DVD-5
		{EBA05937-7CAD-422D-9603-E3CB62412FA7}.DVD-5|Any CPU.ActiveCfg = DVD-5
		{EBA05937-7CAD-422D-9603-E3CB62412FA7}.DVD-5|Any CPU.Build.0 = DVD-5
		{EBA05937-7CAD-422D-9603-E3CB62412FA7}.DVD-5|Mixed Platforms.ActiveCfg = DVD-5
		{EBA05937-7CAD-422D-9603-E3CB62412FA7}.DVD-5|Mixed Platforms.Build.0 = DVD-5
		{EBA05937-7CAD-422D-9603-E3CB62412FA7}.DVD-5|Win32.ActiveCfg = DVD-5
		{EBA05937-7CAD-422D-9603-E3CB62412FA7}.DVD-5|Win32.Build.0 = DVD-5
		{EBA05937-7CAD-422D-9603-E3CB62412FA7}.Release|Any CPU.ActiveCfg = SingleImage
		{EBA05937-7CAD-422D-9603-E3CB62412FA7}.Release|Any CPU.Build.0 = SingleImage
		{EBA05937-7CAD-422D-9603-E3CB62412FA7}.Release|Mixed Platforms.ActiveCfg = SingleImage
		{EBA05937-7CAD-422D-9603-E3CB62412FA7}.Release|Mixed Platforms.Build.0 = SingleImage
		{EBA05937-7CAD-422D-9603-E3CB62412FA7}.Release|Win32.ActiveCfg = SingleImage
		{EBA05937-7CAD-422D-9603-E3CB62412FA7}.Release|Win32.Build.0 = SingleImage
		{EBA05937-7CAD-422D-9603-E3CB62412FA7}.SingleImage|Any CPU.ActiveCfg = SingleImage
		{EBA05937-7CAD-422D-9603-E3CB62412FA7}.SingleImage|Any CPU.Build.0 = SingleImage
		{EBA05937-7CAD-422D-9603-E3CB62412FA7}.SingleImage|Mixed Platforms.ActiveCfg = SingleImage
		{EBA05937-7CAD-422D-9603-E3CB62412FA7}.SingleImage|Mixed Platforms.Build.0 = SingleImage
		{EBA05937-7CAD-422D-9603-E3CB62412FA7}.SingleImage|Win32.ActiveCfg = SingleImage
		{EBA05937-7CAD-422D-9603-E3CB62412FA7}.SingleImage|Win32.Build.0 = SingleImage
	EndGlobalSection
	GlobalSection(SolutionProperties) = preSolution
		HideSolutionNode = FALSE
	EndGlobalSection
EndGlobal
